
Microsoft Visual Studio Solution File, Format Version 10.00
# Visual Studio 2008
Project("{8BC9CEB8-8B4A-11D0-8D11-00A0C91BC942}") = "MonomeSerial", "MonomeSerial\MonomeSerial.vcproj", "{C064C835-B6AD-4E0E-8119-82D1A0B7C1AD}"
EndProject
Project("{54435603-DBB4-11D2-8724-00A0C9A8B90C}") = "MonomeSerialSetup", "MonomeSerialSetup\MonomeSerialSetup.vdproj", "{F1867488-A0CD-4BF5-9053-4A41B1AF4EED}"
EndProject
Global
	GlobalSection(SolutionConfigurationPlatforms) = preSolution
		Debug|Win32 = Debug|Win32
		Release|Win32 = Release|Win32
	EndGlobalSection
	GlobalSection(ProjectConfigurationPlatforms) = postSolution
		{C064C835-B6AD-4E0E-8119-82D1A0B7C1AD}.Debug|Win32.ActiveCfg = Debug|Win32
		{C064C835-B6AD-4E0E-8119-82D1A0B7C1AD}.Debug|Win32.Build.0 = Debug|Win32
		{C064C835-B6AD-4E0E-8119-82D1A0B7C1AD}.Release|Win32.ActiveCfg = Release|Win32
		{C064C835-B6AD-4E0E-8119-82D1A0B7C1AD}.Release|Win32.Build.0 = Release|Win32
		{F1867488-A0CD-4BF5-9053-4A41B1AF4EED}.Debug|Win32.ActiveCfg = Debug
		{F1867488-A0CD-4BF5-9053-4A41B1AF4EED}.Release|Win32.ActiveCfg = Release
	EndGlobalSection
	GlobalSection(SolutionProperties) = preSolution
		HideSolutionNode = FALSE
	EndGlobalSection
EndGlobal
